
Microsoft Visual Studio Solution File, Format Version 12.00
# Visual Studio Version 17
VisualStudioVersion = 17.9.34728.123
MinimumVisualStudioVersion = 10.0.40219.1
Project("{FAE04EC0-301F-11D3-BF4B-00C04F79EFBC}") = "OrderManagement.Web", "OrderManagement.Web.csproj", "{E2CDDDD7-59CE-4E3B-9C87-E099E89C0BD8}"
EndProject
Project("{FAE04EC0-301F-11D3-BF4B-00C04F79EFBC}") = "OrderManagement.Data", "..\OrderManagement.Data\OrderManagement.Data.csproj", "{55313A77-1C44-4B1F-8131-C2346CC62AD5}"
EndProject
Project("{FAE04EC0-301F-11D3-BF4B-00C04F79EFBC}") = "OrderManagement.Tests", "..\OrderManagement.Tests\OrderManagement.Tests.csproj", "{76F9F563-0F0E-4317-88D6-CB3A80C48D3A}"
EndProject
Global
	GlobalSection(SolutionConfigurationPlatforms) = preSolution
		Debug|Any CPU = Debug|Any CPU
		Release|Any CPU = Release|Any CPU
	EndGlobalSection
	GlobalSection(ProjectConfigurationPlatforms) = postSolution
		{E2CDDDD7-59CE-4E3B-9C87-E099E89C0BD8}.Debug|Any CPU.ActiveCfg = Debug|Any CPU
		{E2CDDDD7-59CE-4E3B-9C87-E099E89C0BD8}.Debug|Any CPU.Build.0 = Debug|Any CPU
		{E2CDDDD7-59CE-4E3B-9C87-E099E89C0BD8}.Release|Any CPU.ActiveCfg = Release|Any CPU
		{E2CDDDD7-59CE-4E3B-9C87-E099E89C0BD8}.Release|Any CPU.Build.0 = Release|Any CPU
		{55313A77-1C44-4B1F-8131-C2346CC62AD5}.Debug|Any CPU.ActiveCfg = Debug|Any CPU
		{55313A77-1C44-4B1F-8131-C2346CC62AD5}.Debug|Any CPU.Build.0 = Debug|Any CPU
		{55313A77-1C44-4B1F-8131-C2346CC62AD5}.Release|Any CPU.ActiveCfg = Release|Any CPU
		{55313A77-1C44-4B1F-8131-C2346CC62AD5}.Release|Any CPU.Build.0 = Release|Any CPU
		{76F9F563-0F0E-4317-88D6-CB3A80C48D3A}.Debug|Any CPU.ActiveCfg = Debug|Any CPU
		{76F9F563-0F0E-4317-88D6-CB3A80C48D3A}.Debug|Any CPU.Build.0 = Debug|Any CPU
		{76F9F563-0F0E-4317-88D6-CB3A80C48D3A}.Release|Any CPU.ActiveCfg = Release|Any CPU
		{76F9F563-0F0E-4317-88D6-CB3A80C48D3A}.Release|Any CPU.Build.0 = Release|Any CPU
	EndGlobalSection
	GlobalSection(SolutionProperties) = preSolution
		HideSolutionNode = FALSE
	EndGlobalSection
	GlobalSection(ExtensibilityGlobals) = postSolution
		SolutionGuid = {EBA26C75-DD02-4AE7-A3DA-16E1AF3D9285}
	EndGlobalSection
EndGlobal
